
Microsoft Visual Studio Solution File, Format Version 12.00
# Visual Studio Version 17
VisualStudioVersion = 17.6.33815.320
MinimumVisualStudioVersion = 10.0.40219.1
Project("{FAE04EC0-301F-11D3-BF4B-00C04F79EFBC}") = "OraiErettsegi", "OraiErettsegi\OraiErettsegi.csproj", "{DDFB748D-D9A0-4548-B507-183201F0B00B}"
EndProject
Global
	GlobalSection(SolutionConfigurationPlatforms) = preSolution
		Debug|Any CPU = Debug|Any CPU
		Release|Any CPU = Release|Any CPU
	EndGlobalSection
	GlobalSection(ProjectConfigurationPlatforms) = postSolution
		{DDFB748D-D9A0-4548-B507-183201F0B00B}.Debug|Any CPU.ActiveCfg = Debug|Any CPU
		{DDFB748D-D9A0-4548-B507-183201F0B00B}.Debug|Any CPU.Build.0 = Debug|Any CPU
		{DDFB748D-D9A0-4548-B507-183201F0B00B}.Release|Any CPU.ActiveCfg = Release|Any CPU
		{DDFB748D-D9A0-4548-B507-183201F0B00B}.Release|Any CPU.Build.0 = Release|Any CPU
	EndGlobalSection
	GlobalSection(SolutionProperties) = preSolution
		HideSolutionNode = FALSE
	EndGlobalSection
	GlobalSection(ExtensibilityGlobals) = postSolution
		SolutionGuid = {5E624269-873E-4ED0-984A-D5838023400F}
	EndGlobalSection
EndGlobal
